
Microsoft Visual Studio Solution File, Format Version 12.00
# Visual Studio Version 16
VisualStudioVersion = 16.0.31911.196
MinimumVisualStudioVersion = 10.0.40219.1
Project("{FAE04EC0-301F-11D3-BF4B-00C04F79EFBC}") = "Contacts", "Contacts\Contacts.csproj", "{96ADFCFF-FCDF-4FFB-828A-5F3FEA325D47}"
EndProject
Global
	GlobalSection(SolutionConfigurationPlatforms) = preSolution
		Debug|Any CPU = Debug|Any CPU
		Release|Any CPU = Release|Any CPU
	EndGlobalSection
	GlobalSection(ProjectConfigurationPlatforms) = postSolution
		{96ADFCFF-FCDF-4FFB-828A-5F3FEA325D47}.Debug|Any CPU.ActiveCfg = Debug|Any CPU
		{96ADFCFF-FCDF-4FFB-828A-5F3FEA325D47}.Debug|Any CPU.Build.0 = Debug|Any CPU
		{96ADFCFF-FCDF-4FFB-828A-5F3FEA325D47}.Release|Any CPU.ActiveCfg = Release|Any CPU
		{96ADFCFF-FCDF-4FFB-828A-5F3FEA325D47}.Release|Any CPU.Build.0 = Release|Any CPU
	EndGlobalSection
	GlobalSection(SolutionProperties) = preSolution
		HideSolutionNode = FALSE
	EndGlobalSection
	GlobalSection(ExtensibilityGlobals) = postSolution
		SolutionGuid = {4C96FF53-72E9-42FC-92C6-518335832684}
	EndGlobalSection
EndGlobal
