
Microsoft Visual Studio Solution File, Format Version 12.00
# Visual Studio Version 16
VisualStudioVersion = 16.0.31911.196
MinimumVisualStudioVersion = 10.0.40219.1
Project("{FAE04EC0-301F-11D3-BF4B-00C04F79EFBC}") = "Koleksiyonlar-Soru-1", "Koleksiyonlar-Soru-1\Koleksiyonlar-Soru-1.csproj", "{02C2B982-092C-43FE-A6F8-CFCF66379777}"
EndProject
Project("{FAE04EC0-301F-11D3-BF4B-00C04F79EFBC}") = "Koleksiyonlar-Soru-2", "Koleksiyonlar-Soru-2\Koleksiyonlar-Soru-2.csproj", "{9F74D084-AEA3-4524-AE9E-6B664BBAE467}"
EndProject
Project("{FAE04EC0-301F-11D3-BF4B-00C04F79EFBC}") = "Koleksiyonlar-Soru-3", "Koleksiyonlar-Soru-3\Koleksiyonlar-Soru-3.csproj", "{49EB16E6-B2AA-4CC3-A1B6-257C2A2E34B7}"
EndProject
Global
	GlobalSection(SolutionConfigurationPlatforms) = preSolution
		Debug|Any CPU = Debug|Any CPU
		Release|Any CPU = Release|Any CPU
	EndGlobalSection
	GlobalSection(ProjectConfigurationPlatforms) = postSolution
		{02C2B982-092C-43FE-A6F8-CFCF66379777}.Debug|Any CPU.ActiveCfg = Debug|Any CPU
		{02C2B982-092C-43FE-A6F8-CFCF66379777}.Debug|Any CPU.Build.0 = Debug|Any CPU
		{02C2B982-092C-43FE-A6F8-CFCF66379777}.Release|Any CPU.ActiveCfg = Release|Any CPU
		{02C2B982-092C-43FE-A6F8-CFCF66379777}.Release|Any CPU.Build.0 = Release|Any CPU
		{9F74D084-AEA3-4524-AE9E-6B664BBAE467}.Debug|Any CPU.ActiveCfg = Debug|Any CPU
		{9F74D084-AEA3-4524-AE9E-6B664BBAE467}.Debug|Any CPU.Build.0 = Debug|Any CPU
		{9F74D084-AEA3-4524-AE9E-6B664BBAE467}.Release|Any CPU.ActiveCfg = Release|Any CPU
		{9F74D084-AEA3-4524-AE9E-6B664BBAE467}.Release|Any CPU.Build.0 = Release|Any CPU
		{49EB16E6-B2AA-4CC3-A1B6-257C2A2E34B7}.Debug|Any CPU.ActiveCfg = Debug|Any CPU
		{49EB16E6-B2AA-4CC3-A1B6-257C2A2E34B7}.Debug|Any CPU.Build.0 = Debug|Any CPU
		{49EB16E6-B2AA-4CC3-A1B6-257C2A2E34B7}.Release|Any CPU.ActiveCfg = Release|Any CPU
		{49EB16E6-B2AA-4CC3-A1B6-257C2A2E34B7}.Release|Any CPU.Build.0 = Release|Any CPU
	EndGlobalSection
	GlobalSection(SolutionProperties) = preSolution
		HideSolutionNode = FALSE
	EndGlobalSection
	GlobalSection(ExtensibilityGlobals) = postSolution
		SolutionGuid = {1AD882E7-61DA-4963-8E2F-8DFEE6F83280}
	EndGlobalSection
EndGlobal
