
Microsoft Visual Studio Solution File, Format Version 12.00
# Visual Studio Version 16
VisualStudioVersion = 16.0.32407.337
MinimumVisualStudioVersion = 10.0.40219.1
Project("{FAE04EC0-301F-11D3-BF4B-00C04F79EFBC}") = "HelloWebApi", "HelloWebApi\HelloWebApi.csproj", "{3B690573-11FE-41E7-A917-49F4B0E0C209}"
EndProject
Global
	GlobalSection(SolutionConfigurationPlatforms) = preSolution
		Debug|Any CPU = Debug|Any CPU
		Release|Any CPU = Release|Any CPU
	EndGlobalSection
	GlobalSection(ProjectConfigurationPlatforms) = postSolution
		{3B690573-11FE-41E7-A917-49F4B0E0C209}.Debug|Any CPU.ActiveCfg = Debug|Any CPU
		{3B690573-11FE-41E7-A917-49F4B0E0C209}.Debug|Any CPU.Build.0 = Debug|Any CPU
		{3B690573-11FE-41E7-A917-49F4B0E0C209}.Release|Any CPU.ActiveCfg = Release|Any CPU
		{3B690573-11FE-41E7-A917-49F4B0E0C209}.Release|Any CPU.Build.0 = Release|Any CPU
	EndGlobalSection
	GlobalSection(SolutionProperties) = preSolution
		HideSolutionNode = FALSE
	EndGlobalSection
	GlobalSection(ExtensibilityGlobals) = postSolution
		SolutionGuid = {DA222B73-CDE9-4F71-AA39-27F328547E77}
	EndGlobalSection
EndGlobal
